
Microsoft Visual Studio Solution File, Format Version 12.00
# Visual Studio Version 17
VisualStudioVersion = 17.14.36930.0 d17.14
MinimumVisualStudioVersion = 10.0.40219.1
Project("{FAE04EC0-301F-11D3-BF4B-00C04F79EFBC}") = "FontViewerTest", "FontViewerTest\FontViewerTest.csproj", "{722F2151-D6CE-497F-B2F6-E2D374E37271}"
EndProject
Global
	GlobalSection(SolutionConfigurationPlatforms) = preSolution
		Debug|Any CPU = Debug|Any CPU
		Release|Any CPU = Release|Any CPU
	EndGlobalSection
	GlobalSection(ProjectConfigurationPlatforms) = postSolution
		{722F2151-D6CE-497F-B2F6-E2D374E37271}.Debug|Any CPU.ActiveCfg = Debug|Any CPU
		{722F2151-D6CE-497F-B2F6-E2D374E37271}.Debug|Any CPU.Build.0 = Debug|Any CPU
		{722F2151-D6CE-497F-B2F6-E2D374E37271}.Release|Any CPU.ActiveCfg = Release|Any CPU
		{722F2151-D6CE-497F-B2F6-E2D374E37271}.Release|Any CPU.Build.0 = Release|Any CPU
	EndGlobalSection
	GlobalSection(SolutionProperties) = preSolution
		HideSolutionNode = FALSE
	EndGlobalSection
	GlobalSection(ExtensibilityGlobals) = postSolution
		SolutionGuid = {69025C52-4AED-4E6F-9BAB-D08931D23D31}
	EndGlobalSection
EndGlobal
